GEM
  remote: https://rubygems.org/
  specs:
    albacore (3.0.1)
      map (~> 6.5)
      nokogiri (~> 1.5)
      rake (~> 10)
      semver2 (~> 3.4)
    map (6.6.0)
    mini_portile2 (2.3.0)
    nokogiri (1.8.1)
      mini_portile2 (~> 2.3.0)
    nokogiri (1.8.1-x86-mingw32)
      mini_portile2 (~> 2.3.0)
    rake (10.5.0)
    semver2 (3.4.2)

PLATFORMS
  ruby
  x86-mingw32

DEPENDENCIES
  albacore (~> 3)

BUNDLED WITH
   1.15.0
