
Microsoft Visual Studio Solution File, Format Version 12.00
# Visual Studio Version 16
VisualStudioVersion = 16.0.29306.81
MinimumVisualStudioVersion = 10.0.40219.1
Project("{2150E333-8FDC-42A3-9474-1A3956D46DE8}") = ".paket", ".paket", "{F0556ECB-F98B-4072-8A79-F02C3862138D}"
	ProjectSection(SolutionItems) = preProject
		build.fsx = build.fsx
		paket.dependencies = paket.dependencies
		paket.lock = paket.lock
	EndProjectSection
EndProject
Project("{6EC3EE1D-3C4E-46DD-8F32-0CC8E7565705}") = "Suave", "src\Suave\Suave.fsproj", "{3DC9193E-BD0C-4486-9C58-56B630C36623}"
EndProject
Project("{6EC3EE1D-3C4E-46DD-8F32-0CC8E7565705}") = "Suave.Tests", "src\Suave.Tests\Suave.Tests.fsproj", "{3BE234C3-2BD4-4E53-9D11-7C134374500D}"
EndProject
Project("{2150E333-8FDC-42A3-9474-1A3956D46DE8}") = "docs", "docs", "{C7760769-4E33-4A06-BB7C-39B477B4FF1B}"
	ProjectSection(SolutionItems) = preProject
		.editorconfig = .editorconfig
		README.md = README.md
	EndProjectSection
EndProject
Project("{6EC3EE1D-3C4E-46DD-8F32-0CC8E7565705}") = "Suave.Experimental", "src\Suave.Experimental\Suave.Experimental.fsproj", "{488FC139-5013-46A2-9982-2C40A6F1F777}"
EndProject
Project("{2150E333-8FDC-42A3-9474-1A3956D46DE8}") = "examples", "examples", "{E05A9F83-E283-4258-AB0E-AF626002B6EF}"
EndProject
Project("{6EC3EE1D-3C4E-46DD-8F32-0CC8E7565705}") = "Example", "examples\Example\Example.fsproj", "{6BACAAA2-C717-4B6E-93FC-1B54126F91B0}"
EndProject
Project("{6EC3EE1D-3C4E-46DD-8F32-0CC8E7565705}") = "Pong", "examples\Pong\Pong.fsproj", "{68D30567-3281-41FB-BD69-30FB32196B79}"
EndProject
Project("{6EC3EE1D-3C4E-46DD-8F32-0CC8E7565705}") = "Load", "examples\Load\Load.fsproj", "{F7E7DAB3-1823-4038-96D8-3A29A82D3AAC}"
EndProject
Project("{6EC3EE1D-3C4E-46DD-8F32-0CC8E7565705}") = "Fibonacci", "examples\Fibonacci\Fibonacci.fsproj", "{616F83DA-1EFA-436B-8E7F-8624C7606547}"
EndProject
Project("{6EC3EE1D-3C4E-46DD-8F32-0CC8E7565705}") = "WebSocket", "examples\WebSocket\WebSocket.fsproj", "{34062010-BC9D-4DEB-804D-CC8D1D109876}"
EndProject
Project("{6EC3EE1D-3C4E-46DD-8F32-0CC8E7565705}") = "CORS", "examples\CORS\CORS.fsproj", "{00ED9182-F5D5-4A56-B0E2-D6C1CA841494}"
EndProject
Project("{6EC3EE1D-3C4E-46DD-8F32-0CC8E7565705}") = "Suave.DotLiquid", "src\Suave.DotLiquid\Suave.DotLiquid.fsproj", "{4E3FE86D-FDB7-4DAA-8D58-13F06F75D240}"
EndProject
Project("{6EC3EE1D-3C4E-46DD-8F32-0CC8E7565705}") = "Suave.LibUv", "src\Suave.LibUv\Suave.LibUv.fsproj", "{7C787110-A146-4021-8163-40137E325DB4}"
EndProject
Project("{6EC3EE1D-3C4E-46DD-8F32-0CC8E7565705}") = "Suave.IO", "src\Suave.IO\Suave.IO.fsproj", "{614E13B0-E2AE-4E59-8CF0-D80235BBC04C}"
EndProject
Project("{6EC3EE1D-3C4E-46DD-8F32-0CC8E7565705}") = "Suave.Razor", "src\Suave.Razor\Suave.Razor.fsproj", "{C1DC691B-1019-4A15-AA17-0C5CB0E0909C}"
EndProject
Global
	GlobalSection(SolutionConfigurationPlatforms) = preSolution
		Debug|Any CPU = Debug|Any CPU
		Debug|x86 = Debug|x86
		Release|Any CPU = Release|Any CPU
		Release|x86 = Release|x86
	EndGlobalSection
	GlobalSection(ProjectConfigurationPlatforms) = postSolution
		{3DC9193E-BD0C-4486-9C58-56B630C36623}.Debug|Any CPU.ActiveCfg = Debug|Any CPU
		{3DC9193E-BD0C-4486-9C58-56B630C36623}.Debug|Any CPU.Build.0 = Debug|Any CPU
		{3DC9193E-BD0C-4486-9C58-56B630C36623}.Debug|x86.ActiveCfg = Debug|Any CPU
		{3DC9193E-BD0C-4486-9C58-56B630C36623}.Debug|x86.Build.0 = Debug|Any CPU
		{3DC9193E-BD0C-4486-9C58-56B630C36623}.Release|Any CPU.ActiveCfg = Release|Any CPU
		{3DC9193E-BD0C-4486-9C58-56B630C36623}.Release|Any CPU.Build.0 = Release|Any CPU
		{3DC9193E-BD0C-4486-9C58-56B630C36623}.Release|x86.ActiveCfg = Release|Any CPU
		{3DC9193E-BD0C-4486-9C58-56B630C36623}.Release|x86.Build.0 = Release|Any CPU
		{3BE234C3-2BD4-4E53-9D11-7C134374500D}.Debug|Any CPU.ActiveCfg = Debug|Any CPU
		{3BE234C3-2BD4-4E53-9D11-7C134374500D}.Debug|Any CPU.Build.0 = Debug|Any CPU
		{3BE234C3-2BD4-4E53-9D11-7C134374500D}.Debug|x86.ActiveCfg = Debug|Any CPU
		{3BE234C3-2BD4-4E53-9D11-7C134374500D}.Debug|x86.Build.0 = Debug|Any CPU
		{3BE234C3-2BD4-4E53-9D11-7C134374500D}.Release|Any CPU.ActiveCfg = Release|Any CPU
		{3BE234C3-2BD4-4E53-9D11-7C134374500D}.Release|Any CPU.Build.0 = Release|Any CPU
		{3BE234C3-2BD4-4E53-9D11-7C134374500D}.Release|x86.ActiveCfg = Release|Any CPU
		{3BE234C3-2BD4-4E53-9D11-7C134374500D}.Release|x86.Build.0 = Release|Any CPU
		{488FC139-5013-46A2-9982-2C40A6F1F777}.Debug|Any CPU.ActiveCfg = Debug|Any CPU
		{488FC139-5013-46A2-9982-2C40A6F1F777}.Debug|Any CPU.Build.0 = Debug|Any CPU
		{488FC139-5013-46A2-9982-2C40A6F1F777}.Debug|x86.ActiveCfg = Debug|Any CPU
		{488FC139-5013-46A2-9982-2C40A6F1F777}.Debug|x86.Build.0 = Debug|Any CPU
		{488FC139-5013-46A2-9982-2C40A6F1F777}.Release|Any CPU.ActiveCfg = Release|Any CPU
		{488FC139-5013-46A2-9982-2C40A6F1F777}.Release|Any CPU.Build.0 = Release|Any CPU
		{488FC139-5013-46A2-9982-2C40A6F1F777}.Release|x86.ActiveCfg = Release|Any CPU
		{488FC139-5013-46A2-9982-2C40A6F1F777}.Release|x86.Build.0 = Release|Any CPU
		{6BACAAA2-C717-4B6E-93FC-1B54126F91B0}.Debug|Any CPU.ActiveCfg = Debug|Any CPU
		{6BACAAA2-C717-4B6E-93FC-1B54126F91B0}.Debug|Any CPU.Build.0 = Debug|Any CPU
		{6BACAAA2-C717-4B6E-93FC-1B54126F91B0}.Debug|x86.ActiveCfg = Debug|Any CPU
		{6BACAAA2-C717-4B6E-93FC-1B54126F91B0}.Debug|x86.Build.0 = Debug|Any CPU
		{6BACAAA2-C717-4B6E-93FC-1B54126F91B0}.Release|Any CPU.ActiveCfg = Release|Any CPU
		{6BACAAA2-C717-4B6E-93FC-1B54126F91B0}.Release|Any CPU.Build.0 = Release|Any CPU
		{6BACAAA2-C717-4B6E-93FC-1B54126F91B0}.Release|x86.ActiveCfg = Release|Any CPU
		{6BACAAA2-C717-4B6E-93FC-1B54126F91B0}.Release|x86.Build.0 = Release|Any CPU
		{68D30567-3281-41FB-BD69-30FB32196B79}.Debug|Any CPU.ActiveCfg = Debug|Any CPU
		{68D30567-3281-41FB-BD69-30FB32196B79}.Debug|Any CPU.Build.0 = Debug|Any CPU
		{68D30567-3281-41FB-BD69-30FB32196B79}.Debug|x86.ActiveCfg = Debug|Any CPU
		{68D30567-3281-41FB-BD69-30FB32196B79}.Debug|x86.Build.0 = Debug|Any CPU
		{68D30567-3281-41FB-BD69-30FB32196B79}.Release|Any CPU.ActiveCfg = Release|Any CPU
		{68D30567-3281-41FB-BD69-30FB32196B79}.Release|Any CPU.Build.0 = Release|Any CPU
		{68D30567-3281-41FB-BD69-30FB32196B79}.Release|x86.ActiveCfg = Release|Any CPU
		{68D30567-3281-41FB-BD69-30FB32196B79}.Release|x86.Build.0 = Release|Any CPU
		{F7E7DAB3-1823-4038-96D8-3A29A82D3AAC}.Debug|Any CPU.ActiveCfg = Debug|Any CPU
		{F7E7DAB3-1823-4038-96D8-3A29A82D3AAC}.Debug|Any CPU.Build.0 = Debug|Any CPU
		{F7E7DAB3-1823-4038-96D8-3A29A82D3AAC}.Debug|x86.ActiveCfg = Debug|Any CPU
		{F7E7DAB3-1823-4038-96D8-3A29A82D3AAC}.Debug|x86.Build.0 = Debug|Any CPU
		{F7E7DAB3-1823-4038-96D8-3A29A82D3AAC}.Release|Any CPU.ActiveCfg = Release|Any CPU
		{F7E7DAB3-1823-4038-96D8-3A29A82D3AAC}.Release|Any CPU.Build.0 = Release|Any CPU
		{F7E7DAB3-1823-4038-96D8-3A29A82D3AAC}.Release|x86.ActiveCfg = Release|Any CPU
		{F7E7DAB3-1823-4038-96D8-3A29A82D3AAC}.Release|x86.Build.0 = Release|Any CPU
		{616F83DA-1EFA-436B-8E7F-8624C7606547}.Debug|Any CPU.ActiveCfg = Debug|Any CPU
		{616F83DA-1EFA-436B-8E7F-8624C7606547}.Debug|Any CPU.Build.0 = Debug|Any CPU
		{616F83DA-1EFA-436B-8E7F-8624C7606547}.Debug|x86.ActiveCfg = Debug|Any CPU
		{616F83DA-1EFA-436B-8E7F-8624C7606547}.Debug|x86.Build.0 = Debug|Any CPU
		{616F83DA-1EFA-436B-8E7F-8624C7606547}.Release|Any CPU.ActiveCfg = Release|Any CPU
		{616F83DA-1EFA-436B-8E7F-8624C7606547}.Release|Any CPU.Build.0 = Release|Any CPU
		{616F83DA-1EFA-436B-8E7F-8624C7606547}.Release|x86.ActiveCfg = Release|Any CPU
		{616F83DA-1EFA-436B-8E7F-8624C7606547}.Release|x86.Build.0 = Release|Any CPU
		{34062010-BC9D-4DEB-804D-CC8D1D109876}.Debug|Any CPU.ActiveCfg = Debug|Any CPU
		{34062010-BC9D-4DEB-804D-CC8D1D109876}.Debug|Any CPU.Build.0 = Debug|Any CPU
		{34062010-BC9D-4DEB-804D-CC8D1D109876}.Debug|x86.ActiveCfg = Debug|Any CPU
		{34062010-BC9D-4DEB-804D-CC8D1D109876}.Debug|x86.Build.0 = Debug|Any CPU
		{34062010-BC9D-4DEB-804D-CC8D1D109876}.Release|Any CPU.ActiveCfg = Release|Any CPU
		{34062010-BC9D-4DEB-804D-CC8D1D109876}.Release|Any CPU.Build.0 = Release|Any CPU
		{34062010-BC9D-4DEB-804D-CC8D1D109876}.Release|x86.ActiveCfg = Release|Any CPU
		{34062010-BC9D-4DEB-804D-CC8D1D109876}.Release|x86.Build.0 = Release|Any CPU
		{00ED9182-F5D5-4A56-B0E2-D6C1CA841494}.Debug|Any CPU.ActiveCfg = Debug|Any CPU
		{00ED9182-F5D5-4A56-B0E2-D6C1CA841494}.Debug|Any CPU.Build.0 = Debug|Any CPU
		{00ED9182-F5D5-4A56-B0E2-D6C1CA841494}.Debug|x86.ActiveCfg = Debug|Any CPU
		{00ED9182-F5D5-4A56-B0E2-D6C1CA841494}.Debug|x86.Build.0 = Debug|Any CPU
		{00ED9182-F5D5-4A56-B0E2-D6C1CA841494}.Release|Any CPU.ActiveCfg = Release|Any CPU
		{00ED9182-F5D5-4A56-B0E2-D6C1CA841494}.Release|Any CPU.Build.0 = Release|Any CPU
		{00ED9182-F5D5-4A56-B0E2-D6C1CA841494}.Release|x86.ActiveCfg = Release|Any CPU
		{00ED9182-F5D5-4A56-B0E2-D6C1CA841494}.Release|x86.Build.0 = Release|Any CPU
		{4E3FE86D-FDB7-4DAA-8D58-13F06F75D240}.Debug|Any CPU.ActiveCfg = Debug|Any CPU
		{4E3FE86D-FDB7-4DAA-8D58-13F06F75D240}.Debug|Any CPU.Build.0 = Debug|Any CPU
		{4E3FE86D-FDB7-4DAA-8D58-13F06F75D240}.Debug|x86.ActiveCfg = Debug|Any CPU
		{4E3FE86D-FDB7-4DAA-8D58-13F06F75D240}.Debug|x86.Build.0 = Debug|Any CPU
		{4E3FE86D-FDB7-4DAA-8D58-13F06F75D240}.Release|Any CPU.ActiveCfg = Release|Any CPU
		{4E3FE86D-FDB7-4DAA-8D58-13F06F75D240}.Release|Any CPU.Build.0 = Release|Any CPU
		{4E3FE86D-FDB7-4DAA-8D58-13F06F75D240}.Release|x86.ActiveCfg = Release|Any CPU
		{4E3FE86D-FDB7-4DAA-8D58-13F06F75D240}.Release|x86.Build.0 = Release|Any CPU
		{7C787110-A146-4021-8163-40137E325DB4}.Debug|Any CPU.ActiveCfg = Debug|Any CPU
		{7C787110-A146-4021-8163-40137E325DB4}.Debug|Any CPU.Build.0 = Debug|Any CPU
		{7C787110-A146-4021-8163-40137E325DB4}.Debug|x86.ActiveCfg = Debug|Any CPU
		{7C787110-A146-4021-8163-40137E325DB4}.Debug|x86.Build.0 = Debug|Any CPU
		{7C787110-A146-4021-8163-40137E325DB4}.Release|Any CPU.ActiveCfg = Release|Any CPU
		{7C787110-A146-4021-8163-40137E325DB4}.Release|Any CPU.Build.0 = Release|Any CPU
		{7C787110-A146-4021-8163-40137E325DB4}.Release|x86.ActiveCfg = Release|Any CPU
		{7C787110-A146-4021-8163-40137E325DB4}.Release|x86.Build.0 = Release|Any CPU
		{614E13B0-E2AE-4E59-8CF0-D80235BBC04C}.Debug|Any CPU.ActiveCfg = Debug|Any CPU
		{614E13B0-E2AE-4E59-8CF0-D80235BBC04C}.Debug|Any CPU.Build.0 = Debug|Any CPU
		{614E13B0-E2AE-4E59-8CF0-D80235BBC04C}.Debug|x86.ActiveCfg = Debug|Any CPU
		{614E13B0-E2AE-4E59-8CF0-D80235BBC04C}.Debug|x86.Build.0 = Debug|Any CPU
		{614E13B0-E2AE-4E59-8CF0-D80235BBC04C}.Release|Any CPU.ActiveCfg = Release|Any CPU
		{614E13B0-E2AE-4E59-8CF0-D80235BBC04C}.Release|Any CPU.Build.0 = Release|Any CPU
		{614E13B0-E2AE-4E59-8CF0-D80235BBC04C}.Release|x86.ActiveCfg = Release|Any CPU
		{614E13B0-E2AE-4E59-8CF0-D80235BBC04C}.Release|x86.Build.0 = Release|Any CPU
		{C1DC691B-1019-4A15-AA17-0C5CB0E0909C}.Debug|Any CPU.ActiveCfg = Debug|Any CPU
		{C1DC691B-1019-4A15-AA17-0C5CB0E0909C}.Debug|Any CPU.Build.0 = Debug|Any CPU
		{C1DC691B-1019-4A15-AA17-0C5CB0E0909C}.Debug|x86.ActiveCfg = Debug|Any CPU
		{C1DC691B-1019-4A15-AA17-0C5CB0E0909C}.Debug|x86.Build.0 = Debug|Any CPU
		{C1DC691B-1019-4A15-AA17-0C5CB0E0909C}.Release|Any CPU.ActiveCfg = Release|Any CPU
		{C1DC691B-1019-4A15-AA17-0C5CB0E0909C}.Release|Any CPU.Build.0 = Release|Any CPU
		{C1DC691B-1019-4A15-AA17-0C5CB0E0909C}.Release|x86.ActiveCfg = Release|Any CPU
		{C1DC691B-1019-4A15-AA17-0C5CB0E0909C}.Release|x86.Build.0 = Release|Any CPU
	EndGlobalSection
	GlobalSection(SolutionProperties) = preSolution
		HideSolutionNode = FALSE
	EndGlobalSection
	GlobalSection(NestedProjects) = preSolution
		{6BACAAA2-C717-4B6E-93FC-1B54126F91B0} = {E05A9F83-E283-4258-AB0E-AF626002B6EF}
		{68D30567-3281-41FB-BD69-30FB32196B79} = {E05A9F83-E283-4258-AB0E-AF626002B6EF}
		{F7E7DAB3-1823-4038-96D8-3A29A82D3AAC} = {E05A9F83-E283-4258-AB0E-AF626002B6EF}
		{616F83DA-1EFA-436B-8E7F-8624C7606547} = {E05A9F83-E283-4258-AB0E-AF626002B6EF}
		{34062010-BC9D-4DEB-804D-CC8D1D109876} = {E05A9F83-E283-4258-AB0E-AF626002B6EF}
		{00ED9182-F5D5-4A56-B0E2-D6C1CA841494} = {E05A9F83-E283-4258-AB0E-AF626002B6EF}
	EndGlobalSection
	GlobalSection(ExtensibilityGlobals) = postSolution
		SolutionGuid = {E0C157FE-7966-485B-A544-D0D9727C3FCE}
	EndGlobalSection
EndGlobal
