
Microsoft Visual Studio Solution File, Format Version 12.00
# Visual Studio 2012
Project("{F2A71F9B-5D33-465A-A702-920D77279786}") = "suave", "Suave\suave.fsproj", "{3DC9193E-BD0C-4486-9C58-56B630C36623}"
EndProject
Project("{F2A71F9B-5D33-465A-A702-920D77279786}") = "Example", "Example\Example.fsproj", "{6BACAAA2-C717-4B6E-93FC-1B54126F91B0}"
EndProject
Project("{F2A71F9B-5D33-465A-A702-920D77279786}") = "Tests", "Tests\Tests.fsproj", "{3BE234C3-2BD4-4E53-9D11-7C134374500D}"
EndProject
Project("{2150E333-8FDC-42A3-9474-1A3956D46DE8}") = "docs", "docs", "{C7760769-4E33-4A06-BB7C-39B477B4FF1B}"
	ProjectSection(SolutionItems) = preProject
		README.textile = README.textile
	EndProjectSection
EndProject
Project("{F2A71F9B-5D33-465A-A702-920D77279786}") = "Experimental", "Experimental\Experimental.fsproj", "{488FC139-5013-46A2-9982-2C40A6F1F777}"
EndProject
Project("{F2A71F9B-5D33-465A-A702-920D77279786}") = "Pong", "Pong\Pong.fsproj", "{68D30567-3281-41FB-BD69-30FB32196B79}"
EndProject
Global
	GlobalSection(SolutionConfigurationPlatforms) = preSolution
		Debug|Any CPU = Debug|Any CPU
		Release|Any CPU = Release|Any CPU
	EndGlobalSection
	GlobalSection(ProjectConfigurationPlatforms) = postSolution
		{3DC9193E-BD0C-4486-9C58-56B630C36623}.Debug|Any CPU.ActiveCfg = Debug|Any CPU
		{3DC9193E-BD0C-4486-9C58-56B630C36623}.Debug|Any CPU.Build.0 = Debug|Any CPU
		{3DC9193E-BD0C-4486-9C58-56B630C36623}.Release|Any CPU.ActiveCfg = Release|Any CPU
		{3DC9193E-BD0C-4486-9C58-56B630C36623}.Release|Any CPU.Build.0 = Release|Any CPU
		{6BACAAA2-C717-4B6E-93FC-1B54126F91B0}.Debug|Any CPU.ActiveCfg = Debug|Any CPU
		{6BACAAA2-C717-4B6E-93FC-1B54126F91B0}.Debug|Any CPU.Build.0 = Debug|Any CPU
		{6BACAAA2-C717-4B6E-93FC-1B54126F91B0}.Release|Any CPU.ActiveCfg = Release|Any CPU
		{6BACAAA2-C717-4B6E-93FC-1B54126F91B0}.Release|Any CPU.Build.0 = Release|Any CPU
		{3BE234C3-2BD4-4E53-9D11-7C134374500D}.Debug|Any CPU.ActiveCfg = Debug|Any CPU
		{3BE234C3-2BD4-4E53-9D11-7C134374500D}.Debug|Any CPU.Build.0 = Debug|Any CPU
		{3BE234C3-2BD4-4E53-9D11-7C134374500D}.Release|Any CPU.ActiveCfg = Release|Any CPU
		{3BE234C3-2BD4-4E53-9D11-7C134374500D}.Release|Any CPU.Build.0 = Release|Any CPU
		{488FC139-5013-46A2-9982-2C40A6F1F777}.Debug|Any CPU.ActiveCfg = Debug|Any CPU
		{488FC139-5013-46A2-9982-2C40A6F1F777}.Debug|Any CPU.Build.0 = Debug|Any CPU
		{488FC139-5013-46A2-9982-2C40A6F1F777}.Release|Any CPU.ActiveCfg = Release|Any CPU
		{488FC139-5013-46A2-9982-2C40A6F1F777}.Release|Any CPU.Build.0 = Release|Any CPU
		{68D30567-3281-41FB-BD69-30FB32196B79}.Debug|Any CPU.ActiveCfg = Debug|Any CPU
		{68D30567-3281-41FB-BD69-30FB32196B79}.Debug|Any CPU.Build.0 = Debug|Any CPU
		{68D30567-3281-41FB-BD69-30FB32196B79}.Release|Any CPU.ActiveCfg = Release|Any CPU
		{68D30567-3281-41FB-BD69-30FB32196B79}.Release|Any CPU.Build.0 = Release|Any CPU
	EndGlobalSection
	GlobalSection(SolutionProperties) = preSolution
		HideSolutionNode = FALSE
	EndGlobalSection
	GlobalSection(MonoDevelopProperties) = preSolution
		StartupItem = Example\Example.fsproj
	EndGlobalSection
EndGlobal
