
Microsoft Visual Studio Solution File, Format Version 12.00
# Visual Studio 2012
Project("{2150E333-8FDC-42A3-9474-1A3956D46DE8}") = ".paket", ".paket", "{F0556ECB-F98B-4072-8A79-F02C3862138D}"
	ProjectSection(SolutionItems) = preProject
		..\paket.dependencies = ..\paket.dependencies
		..\paket.lock = ..\paket.lock
	EndProjectSection
EndProject
Project("{f2a71f9b-5d33-465a-a702-920d77279786}") = "Suave", "Suave\Suave.fsproj", "{3DC9193E-BD0C-4486-9C58-56B630C36623}"
EndProject
Project("{f2a71f9b-5d33-465a-a702-920d77279786}") = "Suave.Tests", "Suave.Tests\Suave.Tests.fsproj", "{3BE234C3-2BD4-4E53-9D11-7C134374500D}"
EndProject
Project("{2150E333-8FDC-42A3-9474-1A3956D46DE8}") = "docs", "docs", "{C7760769-4E33-4A06-BB7C-39B477B4FF1B}"
	ProjectSection(SolutionItems) = preProject
		..\README.md = ..\README.md
	EndProjectSection
EndProject
Project("{f2a71f9b-5d33-465a-a702-920d77279786}") = "Suave.Experimental", "Experimental\Suave.Experimental.fsproj", "{488FC139-5013-46A2-9982-2C40A6F1F777}"
EndProject
Project("{f2a71f9b-5d33-465a-a702-920d77279786}") = "Suave.OpenSSL", "Suave.OpenSSL\Suave.OpenSSL.fsproj", "{EF9A327A-4265-4DB4-ACA4-368790CC7483}"
EndProject
Project("{2150E333-8FDC-42A3-9474-1A3956D46DE8}") = "examples", "examples", "{E05A9F83-E283-4258-AB0E-AF626002B6EF}"
EndProject
Project("{f2a71f9b-5d33-465a-a702-920d77279786}") = "Example", "..\examples\Example\Example.fsproj", "{6BACAAA2-C717-4B6E-93FC-1B54126F91B0}"
EndProject
Project("{f2a71f9b-5d33-465a-a702-920d77279786}") = "Pong", "..\examples\Pong\Pong.fsproj", "{68D30567-3281-41FB-BD69-30FB32196B79}"
EndProject
Project("{f2a71f9b-5d33-465a-a702-920d77279786}") = "Load", "..\examples\Load\Load.fsproj", "{F7E7DAB3-1823-4038-96D8-3A29A82D3AAC}"
EndProject
Project("{f2a71f9b-5d33-465a-a702-920d77279786}") = "Suave.Testing", "Suave.Testing\Suave.Testing.fsproj", "{4BB79AAC-0D6D-4E0E-BB6E-8F61B3C6D99C}"
EndProject
Global
	GlobalSection(SolutionConfigurationPlatforms) = preSolution
		Debug|Any CPU = Debug|Any CPU
		Release|Any CPU = Release|Any CPU
	EndGlobalSection
	GlobalSection(ProjectConfigurationPlatforms) = postSolution
		{3BE234C3-2BD4-4E53-9D11-7C134374500D}.Debug|Any CPU.ActiveCfg = Debug|Any CPU
		{3BE234C3-2BD4-4E53-9D11-7C134374500D}.Debug|Any CPU.Build.0 = Debug|Any CPU
		{3BE234C3-2BD4-4E53-9D11-7C134374500D}.Release|Any CPU.ActiveCfg = Release|Any CPU
		{3BE234C3-2BD4-4E53-9D11-7C134374500D}.Release|Any CPU.Build.0 = Release|Any CPU
		{3DC9193E-BD0C-4486-9C58-56B630C36623}.Debug|Any CPU.ActiveCfg = Debug|Any CPU
		{3DC9193E-BD0C-4486-9C58-56B630C36623}.Debug|Any CPU.Build.0 = Debug|Any CPU
		{3DC9193E-BD0C-4486-9C58-56B630C36623}.Release|Any CPU.ActiveCfg = Release|Any CPU
		{3DC9193E-BD0C-4486-9C58-56B630C36623}.Release|Any CPU.Build.0 = Release|Any CPU
		{488FC139-5013-46A2-9982-2C40A6F1F777}.Debug|Any CPU.ActiveCfg = Debug|Any CPU
		{488FC139-5013-46A2-9982-2C40A6F1F777}.Debug|Any CPU.Build.0 = Debug|Any CPU
		{488FC139-5013-46A2-9982-2C40A6F1F777}.Release|Any CPU.ActiveCfg = Release|Any CPU
		{488FC139-5013-46A2-9982-2C40A6F1F777}.Release|Any CPU.Build.0 = Release|Any CPU
		{4BB79AAC-0D6D-4E0E-BB6E-8F61B3C6D99C}.Debug|Any CPU.ActiveCfg = Debug|Any CPU
		{4BB79AAC-0D6D-4E0E-BB6E-8F61B3C6D99C}.Debug|Any CPU.Build.0 = Debug|Any CPU
		{4BB79AAC-0D6D-4E0E-BB6E-8F61B3C6D99C}.Release|Any CPU.ActiveCfg = Release|Any CPU
		{4BB79AAC-0D6D-4E0E-BB6E-8F61B3C6D99C}.Release|Any CPU.Build.0 = Release|Any CPU
		{68D30567-3281-41FB-BD69-30FB32196B79}.Debug|Any CPU.ActiveCfg = Debug|Any CPU
		{68D30567-3281-41FB-BD69-30FB32196B79}.Debug|Any CPU.Build.0 = Debug|Any CPU
		{68D30567-3281-41FB-BD69-30FB32196B79}.Release|Any CPU.ActiveCfg = Release|Any CPU
		{68D30567-3281-41FB-BD69-30FB32196B79}.Release|Any CPU.Build.0 = Release|Any CPU
		{6BACAAA2-C717-4B6E-93FC-1B54126F91B0}.Debug|Any CPU.ActiveCfg = Debug|Any CPU
		{6BACAAA2-C717-4B6E-93FC-1B54126F91B0}.Debug|Any CPU.Build.0 = Debug|Any CPU
		{6BACAAA2-C717-4B6E-93FC-1B54126F91B0}.Release|Any CPU.ActiveCfg = Release|Any CPU
		{6BACAAA2-C717-4B6E-93FC-1B54126F91B0}.Release|Any CPU.Build.0 = Release|Any CPU
		{EF9A327A-4265-4DB4-ACA4-368790CC7483}.Debug|Any CPU.ActiveCfg = Debug|Any CPU
		{EF9A327A-4265-4DB4-ACA4-368790CC7483}.Debug|Any CPU.Build.0 = Debug|Any CPU
		{EF9A327A-4265-4DB4-ACA4-368790CC7483}.Release|Any CPU.ActiveCfg = Release|Any CPU
		{EF9A327A-4265-4DB4-ACA4-368790CC7483}.Release|Any CPU.Build.0 = Release|Any CPU
		{F7E7DAB3-1823-4038-96D8-3A29A82D3AAC}.Debug|Any CPU.ActiveCfg = Debug|Any CPU
		{F7E7DAB3-1823-4038-96D8-3A29A82D3AAC}.Debug|Any CPU.Build.0 = Debug|Any CPU
		{F7E7DAB3-1823-4038-96D8-3A29A82D3AAC}.Release|Any CPU.ActiveCfg = Release|Any CPU
		{F7E7DAB3-1823-4038-96D8-3A29A82D3AAC}.Release|Any CPU.Build.0 = Release|Any CPU
	EndGlobalSection
	GlobalSection(NestedProjects) = preSolution
		{6BACAAA2-C717-4B6E-93FC-1B54126F91B0} = {E05A9F83-E283-4258-AB0E-AF626002B6EF}
		{68D30567-3281-41FB-BD69-30FB32196B79} = {E05A9F83-E283-4258-AB0E-AF626002B6EF}
		{F7E7DAB3-1823-4038-96D8-3A29A82D3AAC} = {E05A9F83-E283-4258-AB0E-AF626002B6EF}
	EndGlobalSection
	GlobalSection(MonoDevelopProperties) = preSolution
		StartupItem = ..\examples\Example\Example.fsproj
	EndGlobalSection
	GlobalSection(SolutionProperties) = preSolution
		HideSolutionNode = FALSE
	EndGlobalSection
EndGlobal
