
Microsoft Visual Studio Solution File, Format Version 12.00
# Visual Studio 15
VisualStudioVersion = 15.0.26124.0
MinimumVisualStudioVersion = 15.0.26124.0
Project("{f2a71f9b-5d33-465a-a702-920d77279786}") = "Suave", "Suave\Suave.fsproj", "{87A7BC50-A26D-4370-B175-BF4BB4E7416B}"
EndProject
Project("{f2a71f9b-5d33-465a-a702-920d77279786}") = "Suave.DotLiquid", "Suave.DotLiquid\Suave.DotLiquid.fsproj", "{FF35C4E4-9B3C-42F1-96C3-6972D9A94DAD}"
EndProject
Project("{f2a71f9b-5d33-465a-a702-920d77279786}") = "Suave.Experimental", "Suave.Experimental\Suave.Experimental.fsproj", "{44C7A32F-EA26-49D4-82C9-8B51E17524D0}"
EndProject
Project("{f2a71f9b-5d33-465a-a702-920d77279786}") = "Suave.Testing", "Suave.Testing\Suave.Testing.fsproj", "{D0F5B5CB-9CF6-4E32-8F46-030279294C32}"
EndProject
Project("{f2a71f9b-5d33-465a-a702-920d77279786}") = "Suave.Tests", "Suave.Tests\Suave.Tests.fsproj", "{571C4BDE-692A-4AED-BE44-7F1F7A25EBED}"
EndProject
Project("{f2a71f9b-5d33-465a-a702-920d77279786}") = "Example", "..\examples\Example\Example.fsproj", "{22083A27-CB0B-48CA-A9E9-9DD3A4DCF841}"
EndProject
Project("{f2a71f9b-5d33-465a-a702-920d77279786}") = "Suave.LibUv", "Suave.LibUv\Suave.LibUv.fsproj", "{83A5DD6C-29E5-4516-8316-3944243D2EC0}"
EndProject
Project("{f2a71f9b-5d33-465a-a702-920d77279786}") = "Pong", "..\examples\Pong\Pong.fsproj", "{81F71EB5-12BC-48B6-AED6-F5DB19E1ADEE}"
EndProject
Project("{2150E333-8FDC-42A3-9474-1A3956D46DE8}") = "Examples", "Examples", "{73ED3346-3B5A-4C18-9888-9D7E27F485FC}"
EndProject
Project("{f2a71f9b-5d33-465a-a702-920d77279786}") = "Load", "..\examples\Load\Load.fsproj", "{EC686188-A861-461E-BD32-8BF076BD2A8C}"
EndProject
Project("{f2a71f9b-5d33-465a-a702-920d77279786}") = "SignalRDemo", "..\examples\SignalRDemo\SignalRDemo.fsproj", "{B2CD0D0F-A43B-43BE-B40D-1C5D4675A203}"
EndProject
Project("{f2a71f9b-5d33-465a-a702-920d77279786}") = "WebSocket", "..\examples\WebSocket\WebSocket.fsproj", "{452CD149-8727-4027-8C7B-E1E98DC09A63}"
EndProject
Project("{f2a71f9b-5d33-465a-a702-920d77279786}") = "Fibonacci", "..\examples\Fibonacci\Fibonacci.fsproj", "{DB7469D9-FC2A-47B7-B63E-03EC142C0672}"
EndProject
Global
	GlobalSection(SolutionConfigurationPlatforms) = preSolution
		Debug|Any CPU = Debug|Any CPU
		Debug|x64 = Debug|x64
		Debug|x86 = Debug|x86
		Release|Any CPU = Release|Any CPU
		Release|x64 = Release|x64
		Release|x86 = Release|x86
	EndGlobalSection
	GlobalSection(SolutionProperties) = preSolution
		HideSolutionNode = FALSE
	EndGlobalSection
	GlobalSection(ProjectConfigurationPlatforms) = postSolution
		{87A7BC50-A26D-4370-B175-BF4BB4E7416B}.Debug|Any CPU.ActiveCfg = Debug|Any CPU
		{87A7BC50-A26D-4370-B175-BF4BB4E7416B}.Debug|Any CPU.Build.0 = Debug|Any CPU
		{87A7BC50-A26D-4370-B175-BF4BB4E7416B}.Debug|x64.ActiveCfg = Debug|x64
		{87A7BC50-A26D-4370-B175-BF4BB4E7416B}.Debug|x64.Build.0 = Debug|x64
		{87A7BC50-A26D-4370-B175-BF4BB4E7416B}.Debug|x86.ActiveCfg = Debug|x86
		{87A7BC50-A26D-4370-B175-BF4BB4E7416B}.Debug|x86.Build.0 = Debug|x86
		{87A7BC50-A26D-4370-B175-BF4BB4E7416B}.Release|Any CPU.ActiveCfg = Release|Any CPU
		{87A7BC50-A26D-4370-B175-BF4BB4E7416B}.Release|Any CPU.Build.0 = Release|Any CPU
		{87A7BC50-A26D-4370-B175-BF4BB4E7416B}.Release|x64.ActiveCfg = Release|x64
		{87A7BC50-A26D-4370-B175-BF4BB4E7416B}.Release|x64.Build.0 = Release|x64
		{87A7BC50-A26D-4370-B175-BF4BB4E7416B}.Release|x86.ActiveCfg = Release|x86
		{87A7BC50-A26D-4370-B175-BF4BB4E7416B}.Release|x86.Build.0 = Release|x86
		{FF35C4E4-9B3C-42F1-96C3-6972D9A94DAD}.Debug|Any CPU.ActiveCfg = Debug|Any CPU
		{FF35C4E4-9B3C-42F1-96C3-6972D9A94DAD}.Debug|Any CPU.Build.0 = Debug|Any CPU
		{FF35C4E4-9B3C-42F1-96C3-6972D9A94DAD}.Debug|x64.ActiveCfg = Debug|x64
		{FF35C4E4-9B3C-42F1-96C3-6972D9A94DAD}.Debug|x64.Build.0 = Debug|x64
		{FF35C4E4-9B3C-42F1-96C3-6972D9A94DAD}.Debug|x86.ActiveCfg = Debug|x86
		{FF35C4E4-9B3C-42F1-96C3-6972D9A94DAD}.Debug|x86.Build.0 = Debug|x86
		{FF35C4E4-9B3C-42F1-96C3-6972D9A94DAD}.Release|Any CPU.ActiveCfg = Release|Any CPU
		{FF35C4E4-9B3C-42F1-96C3-6972D9A94DAD}.Release|Any CPU.Build.0 = Release|Any CPU
		{FF35C4E4-9B3C-42F1-96C3-6972D9A94DAD}.Release|x64.ActiveCfg = Release|x64
		{FF35C4E4-9B3C-42F1-96C3-6972D9A94DAD}.Release|x64.Build.0 = Release|x64
		{FF35C4E4-9B3C-42F1-96C3-6972D9A94DAD}.Release|x86.ActiveCfg = Release|x86
		{FF35C4E4-9B3C-42F1-96C3-6972D9A94DAD}.Release|x86.Build.0 = Release|x86
		{44C7A32F-EA26-49D4-82C9-8B51E17524D0}.Debug|Any CPU.ActiveCfg = Debug|Any CPU
		{44C7A32F-EA26-49D4-82C9-8B51E17524D0}.Debug|Any CPU.Build.0 = Debug|Any CPU
		{44C7A32F-EA26-49D4-82C9-8B51E17524D0}.Debug|x64.ActiveCfg = Debug|x64
		{44C7A32F-EA26-49D4-82C9-8B51E17524D0}.Debug|x64.Build.0 = Debug|x64
		{44C7A32F-EA26-49D4-82C9-8B51E17524D0}.Debug|x86.ActiveCfg = Debug|x86
		{44C7A32F-EA26-49D4-82C9-8B51E17524D0}.Debug|x86.Build.0 = Debug|x86
		{44C7A32F-EA26-49D4-82C9-8B51E17524D0}.Release|Any CPU.ActiveCfg = Release|Any CPU
		{44C7A32F-EA26-49D4-82C9-8B51E17524D0}.Release|Any CPU.Build.0 = Release|Any CPU
		{44C7A32F-EA26-49D4-82C9-8B51E17524D0}.Release|x64.ActiveCfg = Release|x64
		{44C7A32F-EA26-49D4-82C9-8B51E17524D0}.Release|x64.Build.0 = Release|x64
		{44C7A32F-EA26-49D4-82C9-8B51E17524D0}.Release|x86.ActiveCfg = Release|x86
		{44C7A32F-EA26-49D4-82C9-8B51E17524D0}.Release|x86.Build.0 = Release|x86
		{D0F5B5CB-9CF6-4E32-8F46-030279294C32}.Debug|Any CPU.ActiveCfg = Debug|Any CPU
		{D0F5B5CB-9CF6-4E32-8F46-030279294C32}.Debug|Any CPU.Build.0 = Debug|Any CPU
		{D0F5B5CB-9CF6-4E32-8F46-030279294C32}.Debug|x64.ActiveCfg = Debug|x64
		{D0F5B5CB-9CF6-4E32-8F46-030279294C32}.Debug|x64.Build.0 = Debug|x64
		{D0F5B5CB-9CF6-4E32-8F46-030279294C32}.Debug|x86.ActiveCfg = Debug|x86
		{D0F5B5CB-9CF6-4E32-8F46-030279294C32}.Debug|x86.Build.0 = Debug|x86
		{D0F5B5CB-9CF6-4E32-8F46-030279294C32}.Release|Any CPU.ActiveCfg = Release|Any CPU
		{D0F5B5CB-9CF6-4E32-8F46-030279294C32}.Release|Any CPU.Build.0 = Release|Any CPU
		{D0F5B5CB-9CF6-4E32-8F46-030279294C32}.Release|x64.ActiveCfg = Release|x64
		{D0F5B5CB-9CF6-4E32-8F46-030279294C32}.Release|x64.Build.0 = Release|x64
		{D0F5B5CB-9CF6-4E32-8F46-030279294C32}.Release|x86.ActiveCfg = Release|x86
		{D0F5B5CB-9CF6-4E32-8F46-030279294C32}.Release|x86.Build.0 = Release|x86
		{571C4BDE-692A-4AED-BE44-7F1F7A25EBED}.Debug|Any CPU.ActiveCfg = Debug|Any CPU
		{571C4BDE-692A-4AED-BE44-7F1F7A25EBED}.Debug|Any CPU.Build.0 = Debug|Any CPU
		{571C4BDE-692A-4AED-BE44-7F1F7A25EBED}.Debug|x64.ActiveCfg = Debug|x64
		{571C4BDE-692A-4AED-BE44-7F1F7A25EBED}.Debug|x64.Build.0 = Debug|x64
		{571C4BDE-692A-4AED-BE44-7F1F7A25EBED}.Debug|x86.ActiveCfg = Debug|x86
		{571C4BDE-692A-4AED-BE44-7F1F7A25EBED}.Debug|x86.Build.0 = Debug|x86
		{571C4BDE-692A-4AED-BE44-7F1F7A25EBED}.Release|Any CPU.ActiveCfg = Release|Any CPU
		{571C4BDE-692A-4AED-BE44-7F1F7A25EBED}.Release|Any CPU.Build.0 = Release|Any CPU
		{571C4BDE-692A-4AED-BE44-7F1F7A25EBED}.Release|x64.ActiveCfg = Release|x64
		{571C4BDE-692A-4AED-BE44-7F1F7A25EBED}.Release|x64.Build.0 = Release|x64
		{571C4BDE-692A-4AED-BE44-7F1F7A25EBED}.Release|x86.ActiveCfg = Release|x86
		{571C4BDE-692A-4AED-BE44-7F1F7A25EBED}.Release|x86.Build.0 = Release|x86
		{22083A27-CB0B-48CA-A9E9-9DD3A4DCF841}.Debug|Any CPU.ActiveCfg = Debug|Any CPU
		{22083A27-CB0B-48CA-A9E9-9DD3A4DCF841}.Debug|Any CPU.Build.0 = Debug|Any CPU
		{22083A27-CB0B-48CA-A9E9-9DD3A4DCF841}.Debug|x64.ActiveCfg = Debug|x64
		{22083A27-CB0B-48CA-A9E9-9DD3A4DCF841}.Debug|x64.Build.0 = Debug|x64
		{22083A27-CB0B-48CA-A9E9-9DD3A4DCF841}.Debug|x86.ActiveCfg = Debug|x86
		{22083A27-CB0B-48CA-A9E9-9DD3A4DCF841}.Debug|x86.Build.0 = Debug|x86
		{22083A27-CB0B-48CA-A9E9-9DD3A4DCF841}.Release|Any CPU.ActiveCfg = Release|Any CPU
		{22083A27-CB0B-48CA-A9E9-9DD3A4DCF841}.Release|Any CPU.Build.0 = Release|Any CPU
		{22083A27-CB0B-48CA-A9E9-9DD3A4DCF841}.Release|x64.ActiveCfg = Release|x64
		{22083A27-CB0B-48CA-A9E9-9DD3A4DCF841}.Release|x64.Build.0 = Release|x64
		{22083A27-CB0B-48CA-A9E9-9DD3A4DCF841}.Release|x86.ActiveCfg = Release|x86
		{22083A27-CB0B-48CA-A9E9-9DD3A4DCF841}.Release|x86.Build.0 = Release|x86
		{83A5DD6C-29E5-4516-8316-3944243D2EC0}.Debug|Any CPU.ActiveCfg = Debug|Any CPU
		{83A5DD6C-29E5-4516-8316-3944243D2EC0}.Debug|Any CPU.Build.0 = Debug|Any CPU
		{83A5DD6C-29E5-4516-8316-3944243D2EC0}.Debug|x64.ActiveCfg = Debug|Any CPU
		{83A5DD6C-29E5-4516-8316-3944243D2EC0}.Debug|x64.Build.0 = Debug|Any CPU
		{83A5DD6C-29E5-4516-8316-3944243D2EC0}.Debug|x86.ActiveCfg = Debug|Any CPU
		{83A5DD6C-29E5-4516-8316-3944243D2EC0}.Debug|x86.Build.0 = Debug|Any CPU
		{83A5DD6C-29E5-4516-8316-3944243D2EC0}.Release|Any CPU.ActiveCfg = Release|Any CPU
		{83A5DD6C-29E5-4516-8316-3944243D2EC0}.Release|Any CPU.Build.0 = Release|Any CPU
		{83A5DD6C-29E5-4516-8316-3944243D2EC0}.Release|x64.ActiveCfg = Release|Any CPU
		{83A5DD6C-29E5-4516-8316-3944243D2EC0}.Release|x64.Build.0 = Release|Any CPU
		{83A5DD6C-29E5-4516-8316-3944243D2EC0}.Release|x86.ActiveCfg = Release|Any CPU
		{83A5DD6C-29E5-4516-8316-3944243D2EC0}.Release|x86.Build.0 = Release|Any CPU
		{81F71EB5-12BC-48B6-AED6-F5DB19E1ADEE}.Debug|Any CPU.ActiveCfg = Debug|Any CPU
		{81F71EB5-12BC-48B6-AED6-F5DB19E1ADEE}.Debug|Any CPU.Build.0 = Debug|Any CPU
		{81F71EB5-12BC-48B6-AED6-F5DB19E1ADEE}.Debug|x64.ActiveCfg = Debug|x64
		{81F71EB5-12BC-48B6-AED6-F5DB19E1ADEE}.Debug|x64.Build.0 = Debug|x64
		{81F71EB5-12BC-48B6-AED6-F5DB19E1ADEE}.Debug|x86.ActiveCfg = Debug|x86
		{81F71EB5-12BC-48B6-AED6-F5DB19E1ADEE}.Debug|x86.Build.0 = Debug|x86
		{81F71EB5-12BC-48B6-AED6-F5DB19E1ADEE}.Release|Any CPU.ActiveCfg = Release|Any CPU
		{81F71EB5-12BC-48B6-AED6-F5DB19E1ADEE}.Release|Any CPU.Build.0 = Release|Any CPU
		{81F71EB5-12BC-48B6-AED6-F5DB19E1ADEE}.Release|x64.ActiveCfg = Release|x64
		{81F71EB5-12BC-48B6-AED6-F5DB19E1ADEE}.Release|x64.Build.0 = Release|x64
		{81F71EB5-12BC-48B6-AED6-F5DB19E1ADEE}.Release|x86.ActiveCfg = Release|x86
		{81F71EB5-12BC-48B6-AED6-F5DB19E1ADEE}.Release|x86.Build.0 = Release|x86
		{EC686188-A861-461E-BD32-8BF076BD2A8C}.Debug|Any CPU.ActiveCfg = Debug|Any CPU
		{EC686188-A861-461E-BD32-8BF076BD2A8C}.Debug|Any CPU.Build.0 = Debug|Any CPU
		{EC686188-A861-461E-BD32-8BF076BD2A8C}.Debug|x64.ActiveCfg = Debug|Any CPU
		{EC686188-A861-461E-BD32-8BF076BD2A8C}.Debug|x64.Build.0 = Debug|Any CPU
		{EC686188-A861-461E-BD32-8BF076BD2A8C}.Debug|x86.ActiveCfg = Debug|Any CPU
		{EC686188-A861-461E-BD32-8BF076BD2A8C}.Debug|x86.Build.0 = Debug|Any CPU
		{EC686188-A861-461E-BD32-8BF076BD2A8C}.Release|Any CPU.ActiveCfg = Release|Any CPU
		{EC686188-A861-461E-BD32-8BF076BD2A8C}.Release|Any CPU.Build.0 = Release|Any CPU
		{EC686188-A861-461E-BD32-8BF076BD2A8C}.Release|x64.ActiveCfg = Release|Any CPU
		{EC686188-A861-461E-BD32-8BF076BD2A8C}.Release|x64.Build.0 = Release|Any CPU
		{EC686188-A861-461E-BD32-8BF076BD2A8C}.Release|x86.ActiveCfg = Release|Any CPU
		{EC686188-A861-461E-BD32-8BF076BD2A8C}.Release|x86.Build.0 = Release|Any CPU
		{B2CD0D0F-A43B-43BE-B40D-1C5D4675A203}.Debug|Any CPU.ActiveCfg = Debug|Any CPU
		{B2CD0D0F-A43B-43BE-B40D-1C5D4675A203}.Debug|Any CPU.Build.0 = Debug|Any CPU
		{B2CD0D0F-A43B-43BE-B40D-1C5D4675A203}.Debug|x64.ActiveCfg = Debug|Any CPU
		{B2CD0D0F-A43B-43BE-B40D-1C5D4675A203}.Debug|x64.Build.0 = Debug|Any CPU
		{B2CD0D0F-A43B-43BE-B40D-1C5D4675A203}.Debug|x86.ActiveCfg = Debug|Any CPU
		{B2CD0D0F-A43B-43BE-B40D-1C5D4675A203}.Debug|x86.Build.0 = Debug|Any CPU
		{B2CD0D0F-A43B-43BE-B40D-1C5D4675A203}.Release|Any CPU.ActiveCfg = Release|Any CPU
		{B2CD0D0F-A43B-43BE-B40D-1C5D4675A203}.Release|Any CPU.Build.0 = Release|Any CPU
		{B2CD0D0F-A43B-43BE-B40D-1C5D4675A203}.Release|x64.ActiveCfg = Release|Any CPU
		{B2CD0D0F-A43B-43BE-B40D-1C5D4675A203}.Release|x64.Build.0 = Release|Any CPU
		{B2CD0D0F-A43B-43BE-B40D-1C5D4675A203}.Release|x86.ActiveCfg = Release|Any CPU
		{B2CD0D0F-A43B-43BE-B40D-1C5D4675A203}.Release|x86.Build.0 = Release|Any CPU
		{452CD149-8727-4027-8C7B-E1E98DC09A63}.Debug|Any CPU.ActiveCfg = Debug|Any CPU
		{452CD149-8727-4027-8C7B-E1E98DC09A63}.Debug|Any CPU.Build.0 = Debug|Any CPU
		{452CD149-8727-4027-8C7B-E1E98DC09A63}.Debug|x64.ActiveCfg = Debug|Any CPU
		{452CD149-8727-4027-8C7B-E1E98DC09A63}.Debug|x64.Build.0 = Debug|Any CPU
		{452CD149-8727-4027-8C7B-E1E98DC09A63}.Debug|x86.ActiveCfg = Debug|Any CPU
		{452CD149-8727-4027-8C7B-E1E98DC09A63}.Debug|x86.Build.0 = Debug|Any CPU
		{452CD149-8727-4027-8C7B-E1E98DC09A63}.Release|Any CPU.ActiveCfg = Release|Any CPU
		{452CD149-8727-4027-8C7B-E1E98DC09A63}.Release|Any CPU.Build.0 = Release|Any CPU
		{452CD149-8727-4027-8C7B-E1E98DC09A63}.Release|x64.ActiveCfg = Release|Any CPU
		{452CD149-8727-4027-8C7B-E1E98DC09A63}.Release|x64.Build.0 = Release|Any CPU
		{452CD149-8727-4027-8C7B-E1E98DC09A63}.Release|x86.ActiveCfg = Release|Any CPU
		{452CD149-8727-4027-8C7B-E1E98DC09A63}.Release|x86.Build.0 = Release|Any CPU
		{DB7469D9-FC2A-47B7-B63E-03EC142C0672}.Debug|Any CPU.ActiveCfg = Debug|Any CPU
		{DB7469D9-FC2A-47B7-B63E-03EC142C0672}.Debug|Any CPU.Build.0 = Debug|Any CPU
		{DB7469D9-FC2A-47B7-B63E-03EC142C0672}.Debug|x64.ActiveCfg = Debug|Any CPU
		{DB7469D9-FC2A-47B7-B63E-03EC142C0672}.Debug|x64.Build.0 = Debug|Any CPU
		{DB7469D9-FC2A-47B7-B63E-03EC142C0672}.Debug|x86.ActiveCfg = Debug|Any CPU
		{DB7469D9-FC2A-47B7-B63E-03EC142C0672}.Debug|x86.Build.0 = Debug|Any CPU
		{DB7469D9-FC2A-47B7-B63E-03EC142C0672}.Release|Any CPU.ActiveCfg = Release|Any CPU
		{DB7469D9-FC2A-47B7-B63E-03EC142C0672}.Release|Any CPU.Build.0 = Release|Any CPU
		{DB7469D9-FC2A-47B7-B63E-03EC142C0672}.Release|x64.ActiveCfg = Release|Any CPU
		{DB7469D9-FC2A-47B7-B63E-03EC142C0672}.Release|x64.Build.0 = Release|Any CPU
		{DB7469D9-FC2A-47B7-B63E-03EC142C0672}.Release|x86.ActiveCfg = Release|Any CPU
		{DB7469D9-FC2A-47B7-B63E-03EC142C0672}.Release|x86.Build.0 = Release|Any CPU
	EndGlobalSection
	GlobalSection(NestedProjects) = preSolution
		{22083A27-CB0B-48CA-A9E9-9DD3A4DCF841} = {73ED3346-3B5A-4C18-9888-9D7E27F485FC}
		{EC686188-A861-461E-BD32-8BF076BD2A8C} = {73ED3346-3B5A-4C18-9888-9D7E27F485FC}
		{B2CD0D0F-A43B-43BE-B40D-1C5D4675A203} = {73ED3346-3B5A-4C18-9888-9D7E27F485FC}
		{452CD149-8727-4027-8C7B-E1E98DC09A63} = {73ED3346-3B5A-4C18-9888-9D7E27F485FC}
		{DB7469D9-FC2A-47B7-B63E-03EC142C0672} = {73ED3346-3B5A-4C18-9888-9D7E27F485FC}
	EndGlobalSection
EndGlobal
